{
  "name": "chariot.js",
  "version": "3.5.1",
  "lockfileVersion": 2,
  "requires": true,
  "packages": {
    "": {
      "name": "chariot.js",
      "version": "3.5.1",
      "license": "GPL-3.0",
      "dependencies": {
        "chalk": "^5.0.0",
        "eris": "^0.16.0",
        "eris-additions": "^1.4.1",
        "juration": "^0.1.1",
        "readdirp": "^3.6.0"
      }
    },
    "node_modules/chalk": {
      "version": "5.0.0",
      "resolved": "https://registry.npmjs.org/chalk/-/chalk-5.0.0.tgz",
      "integrity": "sha512-/duVOqst+luxCQRKEo4bNxinsOQtMP80ZYm7mMqzuh5PociNL0PvmHFvREJ9ueYL2TxlHjBcmLCdmocx9Vg+IQ==",
      "engines": {
        "node": "^12.17.0 || ^14.13 || >=16.0.0"
      },
      "funding": {
        "url": "https://github.com/chalk/chalk?sponsor=1"
      }
    },
    "node_modules/eris": {
      "version": "0.16.1",
      "resolved": "https://registry.npmjs.org/eris/-/eris-0.16.1.tgz",
      "integrity": "sha512-fqjgaddSvUlUjA7s85OvZimLrgCwX58Z6FXOIxdNFJdT6XReJ/LOWZKdew2CaalM8BvN2JKzn98HmKYb3zMhKg==",
      "dependencies": {
        "ws": "^8.2.3"
      },
      "engines": {
        "node": ">=10.4.0"
      },
      "optionalDependencies": {
        "opusscript": "^0.0.8",
        "tweetnacl": "^1.0.3"
      }
    },
    "node_modules/eris-additions": {
      "version": "1.4.1",
      "resolved": "https://registry.npmjs.org/eris-additions/-/eris-additions-1.4.1.tgz",
      "integrity": "sha512-ZaAvQKZjXWOJB653RCKsdYMgJH+vXqdjjv/wTVtmFTUvaRdehON3x/yU/YseQwpoTwQVhOBLofTu6fdz0KzZmQ==",
      "dependencies": {
        "eris": "^0.12.0"
      },
      "engines": {
        "node": ">=4.0.0"
      }
    },
    "node_modules/eris-additions/node_modules/eris": {
      "version": "0.12.1",
      "resolved": "https://registry.npmjs.org/eris/-/eris-0.12.1.tgz",
      "integrity": "sha512-6TNeDct84dk8JGMaYRf4Q+27Suf+g/3bWPyqyKTdaR6nlDKYuo/IcfVHAyaGAgCmA2QcpuSNxynRRfhdhKsHUA==",
      "dependencies": {
        "ws": "^7.2.1"
      },
      "engines": {
        "node": ">=8.0.0"
      },
      "optionalDependencies": {
        "opusscript": "^0.0.7",
        "tweetnacl": "^1.0.1"
      }
    },
    "node_modules/eris-additions/node_modules/opusscript": {
      "version": "0.0.7",
      "resolved": "https://registry.npmjs.org/opusscript/-/opusscript-0.0.7.tgz",
      "integrity": "sha512-DcBadTdYTUuH9zQtepsLjQn4Ll6rs3dmeFvN+SD0ThPnxRBRm/WC1zXWPg+wgAJimB784gdZvUMA57gDP7FdVg==",
      "optional": true
    },
    "node_modules/eris-additions/node_modules/ws": {
      "version": "7.5.7",
      "resolved": "https://registry.npmjs.org/ws/-/ws-7.5.7.tgz",
      "integrity": "sha512-KMvVuFzpKBuiIXW3E4u3mySRO2/mCHSyZDJQM5NQ9Q9KHWHWh0NHgfbRMLLrceUK5qAL4ytALJbpRMjixFZh8A==",
      "engines": {
        "node": ">=8.3.0"
      },
      "peerDependencies": {
        "bufferutil": "^4.0.1",
        "utf-8-validate": "^5.0.2"
      },
      "peerDependenciesMeta": {
        "bufferutil": {
          "optional": true
        },
        "utf-8-validate": {
          "optional": true
        }
      }
    },
    "node_modules/juration": {
      "version": "0.1.1",
      "resolved": "https://registry.npmjs.org/juration/-/juration-0.1.1.tgz",
      "integrity": "sha512-8Cp4YYf5eijpzwQKD+392tFbYMWbwZ73zUs+QnbBL0+a2R5StihoMaPCjU7n/70equ+acGVbN1R+Etzu7DfBXw=="
    },
    "node_modules/opusscript": {
      "version": "0.0.8",
      "resolved": "https://registry.npmjs.org/opusscript/-/opusscript-0.0.8.tgz",
      "integrity": "sha512-VSTi1aWFuCkRCVq+tx/BQ5q9fMnQ9pVZ3JU4UHKqTkf0ED3fKEPdr+gKAAl3IA2hj9rrP6iyq3hlcJq3HELtNQ==",
      "optional": true
    },
    "node_modules/picomatch": {
      "version": "2.3.1",
      "resolved": "https://registry.npmjs.org/picomatch/-/picomatch-2.3.1.tgz",
      "integrity": "sha512-JU3teHTNjmE2VCGFzuY8EXzCDVwEqB2a8fsIvwaStHhAWJEeVd1o1QD80CU6+ZdEXXSLbSsuLwJjkCBWqRQUVA==",
      "engines": {
        "node": ">=8.6"
      },
      "funding": {
        "url": "https://github.com/sponsors/jonschlinkert"
      }
    },
    "node_modules/readdirp": {
      "version": "3.6.0",
      "resolved": "https://registry.npmjs.org/readdirp/-/readdirp-3.6.0.tgz",
      "integrity": "sha512-hOS089on8RduqdbhvQ5Z37A0ESjsqz6qnRcffsMU3495FuTdqSm+7bhJ29JvIOsBDEEnan5DPu9t3To9VRlMzA==",
      "dependencies": {
        "picomatch": "^2.2.1"
      },
      "engines": {
        "node": ">=8.10.0"
      }
    },
    "node_modules/tweetnacl": {
      "version": "1.0.3",
      "resolved": "https://registry.npmjs.org/tweetnacl/-/tweetnacl-1.0.3.tgz",
      "integrity": "sha512-6rt+RN7aOi1nGMyC4Xa5DdYiukl2UWCbcJft7YhxReBGQD7OAM8Pbxw6YMo4r2diNEA8FEmu32YOn9rhaiE5yw==",
      "optional": true
    },
    "node_modules/ws": {
      "version": "8.5.0",
      "resolved": "https://registry.npmjs.org/ws/-/ws-8.5.0.tgz",
      "integrity": "sha512-BWX0SWVgLPzYwF8lTzEy1egjhS4S4OEAHfsO8o65WOVsrnSRGaSiUaa9e0ggGlkMTtBlmOpEXiie9RUcBO86qg==",
      "engines": {
        "node": ">=10.0.0"
      },
      "peerDependencies": {
        "bufferutil": "^4.0.1",
        "utf-8-validate": "^5.0.2"
      },
      "peerDependenciesMeta": {
        "bufferutil": {
          "optional": true
        },
        "utf-8-validate": {
          "optional": true
        }
      }
    }
  },
  "dependencies": {
    "chalk": {
      "version": "5.0.0",
      "resolved": "https://registry.npmjs.org/chalk/-/chalk-5.0.0.tgz",
      "integrity": "sha512-/duVOqst+luxCQRKEo4bNxinsOQtMP80ZYm7mMqzuh5PociNL0PvmHFvREJ9ueYL2TxlHjBcmLCdmocx9Vg+IQ=="
    },
    "eris": {
      "version": "0.16.1",
      "resolved": "https://registry.npmjs.org/eris/-/eris-0.16.1.tgz",
      "integrity": "sha512-fqjgaddSvUlUjA7s85OvZimLrgCwX58Z6FXOIxdNFJdT6XReJ/LOWZKdew2CaalM8BvN2JKzn98HmKYb3zMhKg==",
      "requires": {
        "opusscript": "^0.0.8",
        "tweetnacl": "^1.0.3",
        "ws": "^8.2.3"
      }
    },
    "eris-additions": {
      "version": "1.4.1",
      "resolved": "https://registry.npmjs.org/eris-additions/-/eris-additions-1.4.1.tgz",
      "integrity": "sha512-ZaAvQKZjXWOJB653RCKsdYMgJH+vXqdjjv/wTVtmFTUvaRdehON3x/yU/YseQwpoTwQVhOBLofTu6fdz0KzZmQ==",
      "requires": {
        "eris": "^0.12.0"
      },
      "dependencies": {
        "eris": {
          "version": "0.12.1",
          "resolved": "https://registry.npmjs.org/eris/-/eris-0.12.1.tgz",
          "integrity": "sha512-6TNeDct84dk8JGMaYRf4Q+27Suf+g/3bWPyqyKTdaR6nlDKYuo/IcfVHAyaGAgCmA2QcpuSNxynRRfhdhKsHUA==",
          "requires": {
            "opusscript": "^0.0.7",
            "tweetnacl": "^1.0.1",
            "ws": "^7.2.1"
          }
        },
        "opusscript": {
          "version": "0.0.7",
          "resolved": "https://registry.npmjs.org/opusscript/-/opusscript-0.0.7.tgz",
          "integrity": "sha512-DcBadTdYTUuH9zQtepsLjQn4Ll6rs3dmeFvN+SD0ThPnxRBRm/WC1zXWPg+wgAJimB784gdZvUMA57gDP7FdVg==",
          "optional": true
        },
        "ws": {
          "version": "7.5.7",
          "resolved": "https://registry.npmjs.org/ws/-/ws-7.5.7.tgz",
          "integrity": "sha512-KMvVuFzpKBuiIXW3E4u3mySRO2/mCHSyZDJQM5NQ9Q9KHWHWh0NHgfbRMLLrceUK5qAL4ytALJbpRMjixFZh8A==",
          "requires": {}
        }
      }
    },
    "juration": {
      "version": "0.1.1",
      "resolved": "https://registry.npmjs.org/juration/-/juration-0.1.1.tgz",
      "integrity": "sha512-8Cp4YYf5eijpzwQKD+392tFbYMWbwZ73zUs+QnbBL0+a2R5StihoMaPCjU7n/70equ+acGVbN1R+Etzu7DfBXw=="
    },
    "opusscript": {
      "version": "0.0.8",
      "resolved": "https://registry.npmjs.org/opusscript/-/opusscript-0.0.8.tgz",
      "integrity": "sha512-VSTi1aWFuCkRCVq+tx/BQ5q9fMnQ9pVZ3JU4UHKqTkf0ED3fKEPdr+gKAAl3IA2hj9rrP6iyq3hlcJq3HELtNQ==",
      "optional": true
    },
    "picomatch": {
      "version": "2.3.1",
      "resolved": "https://registry.npmjs.org/picomatch/-/picomatch-2.3.1.tgz",
      "integrity": "sha512-JU3teHTNjmE2VCGFzuY8EXzCDVwEqB2a8fsIvwaStHhAWJEeVd1o1QD80CU6+ZdEXXSLbSsuLwJjkCBWqRQUVA=="
    },
    "readdirp": {
      "version": "3.6.0",
      "resolved": "https://registry.npmjs.org/readdirp/-/readdirp-3.6.0.tgz",
      "integrity": "sha512-hOS089on8RduqdbhvQ5Z37A0ESjsqz6qnRcffsMU3495FuTdqSm+7bhJ29JvIOsBDEEnan5DPu9t3To9VRlMzA==",
      "requires": {
        "picomatch": "^2.2.1"
      }
    },
    "tweetnacl": {
      "version": "1.0.3",
      "resolved": "https://registry.npmjs.org/tweetnacl/-/tweetnacl-1.0.3.tgz",
      "integrity": "sha512-6rt+RN7aOi1nGMyC4Xa5DdYiukl2UWCbcJft7YhxReBGQD7OAM8Pbxw6YMo4r2diNEA8FEmu32YOn9rhaiE5yw==",
      "optional": true
    },
    "ws": {
      "version": "8.5.0",
      "resolved": "https://registry.npmjs.org/ws/-/ws-8.5.0.tgz",
      "integrity": "sha512-BWX0SWVgLPzYwF8lTzEy1egjhS4S4OEAHfsO8o65WOVsrnSRGaSiUaa9e0ggGlkMTtBlmOpEXiie9RUcBO86qg==",
      "requires": {}
    }
  }
}
